# THIS IS AN AUTOGENERATED FILE. DO NOT EDIT THIS FILE DIRECTLY.
# yarn lockfile v1


"@bokken/npm-test@1.0.1":
  version "1.0.1"
  resolved "https://registry.yarnpkg.com/@bokken/npm-test/-/npm-test-1.0.1.tgz#23b4bffb4e0da4d4b02d496e35faa97ce62850f2"
  integrity sha512-Xa07RnUws7haHus32UK7af0E0CCep1Me3zFrTUXDvfdFDo/1AqPBrJlQrVISNuNwS+MkRC71Nv0X3fevUrFIqQ==
